// !$*UTF8*$!
{
	archiveVersion = 1;
	classes = {
	};
	objectVersion = 50;
	objects = {

/* Begin PBXBuildFile section */
		19E347F2244C33AD0005489F /* AppDelegate.swift in Sources */ = {isa = PBXBuildFile; fileRef = 19E347F1244C33AD0005489F /* AppDelegate.swift */; };
		19E347F4244C33AD0005489F /* SceneDelegate.swift in Sources */ = {isa = PBXBuildFile; fileRef = 19E347F3244C33AD0005489F /* SceneDelegate.swift */; };
		19E347F6244C33AD0005489F /* ViewController.swift in Sources */ = {isa = PBXBuildFile; fileRef = 19E347F5244C33AD0005489F /* ViewController.swift */; };
		19E347F9244C33AD0005489F /* Main.storyboard in Resources */ = {isa = PBXBuildFile; fileRef = 19E347F7244C33AD0005489F /* Main.storyboard */; };
		19E347FB244C33B00005489F /* Assets.xcassets in Resources */ = {isa = PBXBuildFile; fileRef = 19E347FA244C33B00005489F /* Assets.xcassets */; };
		19E347FE244C33B00005489F /* LaunchScreen.storyboard in Resources */ = {isa = PBXBuildFile; fileRef = 19E347FC244C33B00005489F /* LaunchScreen.storyboard */; };
/* End PBXBuildFile section */

/* Begin PBXFileReference section */
		19E347EE244C33AD0005489F /* MyFirstGithubApp.app */ = {isa = PBXFileReference; explicitFileType = wrapper.application; includeInIndex = 0; path = MyFirstGithubApp.app; sourceTree = BUILT_PRODUCTS_DIR; };
		19E347F1244C33AD0005489F /* AppDelegate.swift */ = {isa = PBXFileReference; lastKnownFileType = sourcecode.swift; path = AppDelegate.swift; sourceTree = "<group>"; };
		19E347F3244C33AD0005489F /* SceneDelegate.swift */ = {isa = PBXFileReference; lastKnownFileType = sourcecode.swift; path = SceneDelegate.swift; sourceTree = "<group>"; };
		19E347F5244C33AD0005489F /* ViewController.swift */ = {isa = PBXFileReference; lastKnownFileType = sourcecode.swift; path = ViewController.swift; sourceTree = "<group>"; };
		19E347F8244C33AD0005489F /* Base */ = {isa = PBXFileReference; lastKnownFileType = file.storyboard; name = Base; path = Base.lproj/Main.storyboard; sourceTree = "<group>"; };
		19E347FA244C33B00005489F /* Assets.xcassets */ = {isa = PBXFileReference; lastKnownFileType = folder.assetcatalog; path = Assets.xcassets; sourceTree = "<group>"; };
		19E347FD244C33B00005489F /* Base */ = {isa = PBXFileReference; lastKnownFileType = file.storyboard; name = Base; path = Base.lproj/LaunchScreen.storyboard; sourceTree = "<group>"; };
		19E347FF244C33B00005489F /* Info.plist */ = {isa = PBXFileReference; lastKnownFileType = text.plist.xml; path = Info.plist; sourceTree = "<group>"; };
/* End PBXFileReference section */

/* Begin PBXFrameworksBuildPhase section */
		19E347EB244C33AD0005489F /* Frameworks */ = {
			isa = PBXFrameworksBuildPhase;
			buildActionMask = 2147483647;
			files = (
			);
			runOnlyForDeploymentPostprocessing = 0;
		};
/* End PBXFrameworksBuildPhase section */

/* Begin PBXGroup section */
		19E347E5244C33AD0005489F = {
			isa = PBXGroup;
			children = (
				19E347F0244C33AD0005489F /* MyFirstGithubApp */,
				19E347EF244C33AD0005489F /* Products */,
			);
			sourceTree = "<group>";
		};
		19E347EF244C33AD0005489F /* Products */ = {
			isa = PBXGroup;
			children = (
				19E347EE244C33AD0005489F /* MyFirstGithubApp.app */,
			);
			name = Products;
			sourceTree = "<group>";
		};
		19E347F0244C33AD0005489F /* MyFirstGithubApp */ = {
			isa = PBXGroup;
			children = (
				19E347F1244C33AD0005489F /* AppDelegate.swift */,
				19E347F3244C33AD0005489F /* SceneDelegate.swift */,
				19E347F5244C33AD0005489F /* ViewController.swift */,
				19E347F7244C33AD0005489F /* Main.storyboard */,
				19E347FA244C33B00005489F /* Assets.xcassets */,
				19E347FC244C33B00005489F /* LaunchScreen.storyboard */,
				19E347FF244C33B00005489F /* Info.plist */,
			);
			path = MyFirstGithubApp;
			sourceTree = "<group>";
		};
/* End PBXGroup section */

/* Begin PBXNativeTarget section */
		19E347ED244C33AD0005489F /* MyFirstGithubApp */ = {
			isa = PBXNativeTarget;
			buildConfigurationList = 19E34802244C33B00005489F /* Build configuration list for PBXNativeTarget "MyFirstGithubApp" */;
			buildPhases = (
				19E347EA244C33AD0005489F /* Sources */,
				19E347EB244C33AD0005489F /* Frameworks */,
				19E347EC244C33AD0005489F /* Resources */,
			);
			buildRules = (
			);
			dependencies = (
			);
			name = MyFirstGithubApp;
			productName = MyFirstGithubApp;
			productReference = 19E347EE244C33AD0005489F /* MyFirstGithubApp.app */;
			productType = "com.apple.product-type.application";
		};
/* End PBXNativeTarget section */

/* Begin PBXProject section */
		19E347E6244C33AD0005489F /* Project object */ = {
			isa = PBXProject;
			attributes = {
				LastSwiftUpdateCheck = 1120;
				LastUpgradeCheck = 1120;
				ORGANIZATIONNAME = "Himanshu Sharma";
				TargetAttributes = {
					19E347ED244C33AD0005489F = {
						CreatedOnToolsVersion = 11.2;
					};
				};
			};
			buildConfigurationList = 19E347E9244C33AD0005489F /* Build configuration list for PBXProject "MyFirstGithubApp" */;
			compatibilityVersion = "Xcode 9.3";
			developmentRegion = en;
			hasScannedForEncodings = 0;
			knownRegions = (
				en,
				Base,
			);
			mainGroup = 19E347E5244C33AD0005489F;
			productRefGroup = 19E347EF244C33AD0005489F /* Products */;
			projectDirPath = "";
			projectRoot = "";
			targets = (
				19E347ED244C33AD0005489F /* MyFirstGithubApp */,
			);
		};
/* End PBXProject section */

/* Begin PBXResourcesBuildPhase section */
		19E347EC244C33AD0005489F /* Resources */ = {
			isa = PBXResourcesBuildPhase;
			buildActionMask = 2147483647;
			files = (
				19E347FE244C33B00005489F /* LaunchScreen.storyboard in Resources */,
				19E347FB244C33B00005489F /* Assets.xcassets in Resources */,
				19E347F9244C33AD0005489F /* Main.storyboard in Resources */,
			);
			runOnlyForDeploymentPostprocessing = 0;
		};
/* End PBXResourcesBuildPhase section */

/* Begin PBXSourcesBuildPhase section */
		19E347EA244C33AD0005489F /* Sources */ = {
			isa = PBXSourcesBuildPhase;
			buildActionMask = 2147483647;
			files = (
				19E347F6244C33AD0005489F /* ViewController.swift in Sources */,
				19E347F2244C33AD0005489F /* AppDelegate.swift in Sources */,
				19E347F4244C33AD0005489F /* SceneDelegate.swift in Sources */,
			);
			runOnlyForDeploymentPostprocessing = 0;
		};
/* End PBXSourcesBuildPhase section */

/* Begin PBXVariantGroup section */
		19E347F7244C33AD0005489F /* Main.storyboard */ = {
			isa = PBXVariantGroup;
			children = (
				19E347F8244C33AD0005489F /* Base */,
			);
			name = Main.storyboard;
			sourceTree = "<group>";
		};
		19E347FC244C33B00005489F /* LaunchScreen.storyboard */ = {
			isa = PBXVariantGroup;
			children = (
				19E347FD244C33B00005489F /* Base */,
			);
			name = LaunchScreen.storyboard;
			sourceTree = "<group>";
		};
/* End PBXVariantGroup section */

/* Begin XCBuildConfiguration section */
		19E34800244C33B00005489F /* Debug */ = {
			isa = XCBuildConfiguration;
			buildSettings = {
				ALWAYS_SEARCH_USER_PATHS = NO;
				CLANG_ANALYZER_NONNULL = YES;
				CLANG_ANALYZER_NUMBER_OBJECT_CONVERSION = YES_AGGRESSIVE;
				CLANG_CXX_LANGUAGE_STANDARD = "gnu++14";
				CLANG_CXX_LIBRARY = "libc++";
				CLANG_ENABLE_MODULES = YES;
				CLANG_ENABLE_OBJC_ARC = YES;
				CLANG_ENABLE_OBJC_WEAK = YES;
				CLANG_WARN_BLOCK_CAPTURE_AUTORELEASING = YES;
				CLANG_WARN_BOOL_CONVERSION = YES;
				CLANG_WARN_COMMA = YES;
				CLANG_WARN_CONSTANT_CONVERSION = YES;
				CLANG_WARN_DEPRECATED_OBJC_IMPLEMENTATIONS = YES;
				CLANG_WARN_DIRECT_OBJC_ISA_USAGE = YES_ERROR;
				CLANG_WARN_DOCUMENTATION_COMMENTS = YES;
				CLANG_WARN_EMPTY_BODY = YES;
				CLANG_WARN_ENUM_CONVERSION = YES;
				CLANG_WARN_INFINITE_RECURSION = YES;
				CLANG_WARN_INT_CONVERSION = YES;
				CLANG_WARN_NON_LITERAL_NULL_CONVERSION = YES;
				CLANG_WARN_OBJC_IMPLICIT_RETAIN_SELF = YES;
				CLANG_WARN_OBJC_LITERAL_CONVERSION = YES;
				CLANG_WARN_OBJC_ROOT_CLASS = YES_ERROR;
				CLANG_WARN_RANGE_LOOP_ANALYSIS = YES;
				CLANG_WARN_STRICT_PROTOTYPES = YES;
				CLANG_WARN_SUSPICIOUS_MOVE = YES;
				CLANG_WARN_UNGUARDED_AVAILABILITY = YES_AGGRESSIVE;
				CLANG_WARN_UNREACHABLE_CODE = YES;
				CLANG_WARN__DUPLICATE_METHOD_MATCH = YES;
				COPY_PHASE_STRIP = NO;
				DEBUG_INFORMATION_FORMAT = dwarf;
				ENABLE_STRICT_OBJC_MSGSEND = YES;
				ENABLE_TESTABILITY = YES;
				GCC_C_LANGUAGE_STANDARD = gnu11;
				GCC_DYNAMIC_NO_PIC = NO;
				GCC_NO_COMMON_BLOCKS = YES;
				GCC_OPTIMIZATION_LEVEL = 0;
				GCC_PREPROCESSOR_DEFINITIONS = (
					"DEBUG=1",
					"$(inherited)",
				);
				GCC_WARN_64_TO_32_BIT_CONVERSION = YES;
				GCC_WARN_ABOUT_RETURN_TYPE = YES_ERROR;
				GCC_WARN_UNDECLARED_SELECTOR = YES;
				GCC_WARN_UNINITIALIZED_AUTOS = YES_AGGRESSIVE;
				GCC_WARN_UNUSED_FUNCTION = YES;
				GCC_WARN_UNUSED_VARIABLE = YES;
				IPHONEOS_DEPLOYMENT_TARGET = 13.2;
				MTL_ENABLE_DEBUG_INFO = INCLUDE_SOURCE;
				MTL_FAST_MATH = YES;
				ONLY_ACTIVE_ARCH = YES;
				SDKROOT = iphoneos;
				SWIFT_ACTIVE_COMPILATION_CONDITIONS = DEBUG;
				SWIFT_OPTIMIZATION_LEVEL = "-Onone";
			};
			name = Debug;
		};
		19E34801244C33B00005489F /* Release */ = {
			isa = XCBuildConfiguration;
			buildSettings = {
				ALWAYS_SEARCH_USER_PATHS = NO;
				CLANG_ANALYZER_NONNULL = YES;
				CLANG_ANALYZER_NUMBER_OBJECT_CONVERSION = YES_AGGRESSIVE;
				CLANG_CXX_LANGUAGE_STANDARD = "gnu++14";
				CLANG_CXX_LIBRARY = "libc++";
				CLANG_ENABLE_MODULES = YES;
				CLANG_ENABLE_OBJC_ARC = YES;
				CLANG_ENABLE_OBJC_WEAK = YES;
				CLANG_WARN_BLOCK_CAPTURE_AUTORELEASING = YES;
				CLANG_WARN_BOOL_CONVERSION = YES;
				CLANG_WARN_COMMA = YES;
				CLANG_WARN_CONSTANT_CONVERSION = YES;
				CLANG_WARN_DEPRECATED_OBJC_IMPLEMENTATIONS = YES;
				CLANG_WARN_DIRECT_OBJC_ISA_USAGE = YES_ERROR;
				CLANG_WARN_DOCUMENTATION_COMMENTS = YES;
				CLANG_WARN_EMPTY_BODY = YES;
				CLANG_WARN_ENUM_CONVERSION = YES;
				CLANG_WARN_INFINITE_RECURSION = YES;
				CLANG_WARN_INT_CONVERSION = YES;
				CLANG_WARN_NON_LITERAL_NULL_CONVERSION = YES;
				CLANG_WARN_OBJC_IMPLICIT_RETAIN_SELF = YES;
				CLANG_WARN_OBJC_LITERAL_CONVERSION = YES;
				CLANG_WARN_OBJC_ROOT_CLASS = YES_ERROR;
				CLANG_WARN_RANGE_LOOP_ANALYSIS = YES;
				CLANG_WARN_STRICT_PROTOTYPES = YES;
				CLANG_WARN_SUSPICIOUS_MOVE = YES;
				CLANG_WARN_UNGUARDED_AVAILABILITY = YES_AGGRESSIVE;
				CLANG_WARN_UNREACHABLE_CODE = YES;
				CLANG_WARN__DUPLICATE_METHOD_MATCH = YES;
				COPY_PHASE_STRIP = NO;
				DEBUG_INFORMATION_FORMAT = "dwarf-with-dsym";
				ENABLE_NS_ASSERTIONS = NO;
				ENABLE_STRICT_OBJC_MSGSEND = YES;
				GCC_C_LANGUAGE_STANDARD = gnu11;
				GCC_NO_COMMON_BLOCKS = YES;
				GCC_WARN_64_TO_32_BIT_CONVERSION = YES;
				GCC_WARN_ABOUT_RETURN_TYPE = YES_ERROR;
				GCC_WARN_UNDECLARED_SELECTOR = YES;
				GCC_WARN_UNINITIALIZED_AUTOS = YES_AGGRESSIVE;
				GCC_WARN_UNUSED_FUNCTION = YES;
				GCC_WARN_UNUSED_VARIABLE = YES;
				IPHONEOS_DEPLOYMENT_TARGET = 13.2;
				MTL_ENABLE_DEBUG_INFO = NO;
				MTL_FAST_MATH = YES;
				SDKROOT = iphoneos;
				SWIFT_COMPILATION_MODE = wholemodule;
				SWIFT_OPTIMIZATION_LEVEL = "-O";
				VALIDATE_PRODUCT = YES;
			};
			name = Release;
		};
		19E34803244C33B00005489F /* Debug */ = {
			isa = XCBuildConfiguration;
			buildSettings = {
				ASSETCATALOG_COMPILER_APPICON_NAME = AppIcon;
				CODE_SIGN_STYLE = Automatic;
				INFOPLIST_FILE = MyFirstGithubApp/Info.plist;
				LD_RUNPATH_SEARCH_PATHS = (
					"$(inherited)",
					"@executable_path/Frameworks",
				);
				PRODUCT_BUNDLE_IDENTIFIER = simpldemo.MyFirstGithubApp;
				PRODUCT_NAME = "$(TARGET_NAME)";
				SWIFT_VERSION = 5.0;
				TARGETED_DEVICE_FAMILY = "1,2";
			};
			name = Debug;
		};
		19E34804244C33B00005489F /* Release */ = {
			isa = XCBuildConfiguration;
			buildSettings = {
				ASSETCATALOG_COMPILER_APPICON_NAME = AppIcon;
				CODE_SIGN_STYLE = Automatic;
				INFOPLIST_FILE = MyFirstGithubApp/Info.plist;
				LD_RUNPATH_SEARCH_PATHS = (
					"$(inherited)",
					"@executable_path/Frameworks",
				);
				PRODUCT_BUNDLE_IDENTIFIER = simpldemo.MyFirstGithubApp;
				PRODUCT_NAME = "$(TARGET_NAME)";
				SWIFT_VERSION = 5.0;
				TARGETED_DEVICE_FAMILY = "1,2";
			};
			name = Release;
		};
/* End XCBuildConfiguration section */

/* Begin XCConfigurationList section */
		19E347E9244C33AD0005489F /* Build configuration list for PBXProject "MyFirstGithubApp" */ = {
			isa = XCConfigurationList;
			buildConfigurations = (
				19E34800244C33B00005489F /* Debug */,
				19E34801244C33B00005489F /* Release */,
			);
			defaultConfigurationIsVisible = 0;
			defaultConfigurationName = Release;
		};
		19E34802244C33B00005489F /* Build configuration list for PBXNativeTarget "MyFirstGithubApp" */ = {
			isa = XCConfigurationList;
			buildConfigurations = (
				19E34803244C33B00005489F /* Debug */,
				19E34804244C33B00005489F /* Release */,
			);
			defaultConfigurationIsVisible = 0;
			defaultConfigurationName = Release;
		};
/* End XCConfigurationList section */
	};
	rootObject = 19E347E6244C33AD0005489F /* Project object */;
}
